
Microsoft Visual Studio Solution File, Format Version 12.00
# Visual Studio Version 16
VisualStudioVersion = 16.0.30114.105
MinimumVisualStudioVersion = 10.0.40219.1
Project("{FAE04EC0-301F-11D3-BF4B-00C04F79EFBC}") = "WebApplication6", "WebApplication6\WebApplication6.csproj", "{5684063D-D77E-4896-A45A-3E8F12483688}"
EndProject
Global
	GlobalSection(SolutionConfigurationPlatforms) = preSolution
		Debug|Any CPU = Debug|Any CPU
		Release|Any CPU = Release|Any CPU
	EndGlobalSection
	GlobalSection(ProjectConfigurationPlatforms) = postSolution
		{5684063D-D77E-4896-A45A-3E8F12483688}.Debug|Any CPU.ActiveCfg = Debug|Any CPU
		{5684063D-D77E-4896-A45A-3E8F12483688}.Debug|Any CPU.Build.0 = Debug|Any CPU
		{5684063D-D77E-4896-A45A-3E8F12483688}.Release|Any CPU.ActiveCfg = Release|Any CPU
		{5684063D-D77E-4896-A45A-3E8F12483688}.Release|Any CPU.Build.0 = Release|Any CPU
	EndGlobalSection
	GlobalSection(SolutionProperties) = preSolution
		HideSolutionNode = FALSE
	EndGlobalSection
	GlobalSection(ExtensibilityGlobals) = postSolution
		SolutionGuid = {557EB1E1-0221-42C2-B2FD-A26F28C2B43E}
	EndGlobalSection
EndGlobal
